// !$*UTF8*$!
{
	archiveVersion = 1;
	classes = {
	};
	objectVersion = 46;
	objects = {

/* Begin PBXBuildFile section */
		208F6AC0A8073B977536B2B3 /* libPods-CHCityPicker.a in Frameworks */ = {isa = PBXBuildFile; fileRef = 3FCF706A1A75ABC345C90FFD /* libPods-CHCityPicker.a */; };
		DD0E69CA1C44DCF700813D76 /* CHCityListHeaderView.m in Sources */ = {isa = PBXBuildFile; fileRef = DD0E69C91C44DCF700813D76 /* CHCityListHeaderView.m */; };
		DD75D3461C3E44F4001C3A58 /* main.m in Sources */ = {isa = PBXBuildFile; fileRef = DD75D3451C3E44F4001C3A58 /* main.m */; };
		DD75D3491C3E44F4001C3A58 /* CHDelegate.m in Sources */ = {isa = PBXBuildFile; fileRef = DD75D3481C3E44F4001C3A58 /* CHDelegate.m */; };
		DD75D3511C3E44F4001C3A58 /* Assets.xcassets in Resources */ = {isa = PBXBuildFile; fileRef = DD75D3501C3E44F4001C3A58 /* Assets.xcassets */; };
		DD75D3681C3F504D001C3A58 /* cityList.json in Resources */ = {isa = PBXBuildFile; fileRef = DD75D3671C3F504D001C3A58 /* cityList.json */; };
		DD75D3711C3F5229001C3A58 /* CHHomeViewController.m in Sources */ = {isa = PBXBuildFile; fileRef = DD75D36F1C3F5229001C3A58 /* CHHomeViewController.m */; };
		DD75D3781C3F6A8B001C3A58 /* NSString+Enhance.m in Sources */ = {isa = PBXBuildFile; fileRef = DD75D3771C3F6A8B001C3A58 /* NSString+Enhance.m */; };
		DD9DF63C1C43A423001E670B /* CHCityButton.m in Sources */ = {isa = PBXBuildFile; fileRef = DD9DF63B1C43A423001E670B /* CHCityButton.m */; };
		E3151CC51C478E4E000C0DCC /* CHCityNavigationView.m in Sources */ = {isa = PBXBuildFile; fileRef = E3151CC41C478E4E000C0DCC /* CHCityNavigationView.m */; };
		E3151CC81C4889C2000C0DCC /* CHButton.m in Sources */ = {isa = PBXBuildFile; fileRef = E3151CC71C4889C2000C0DCC /* CHButton.m */; };
		E3151CCB1C4CC6E3000C0DCC /* UIButton+Enhance.m in Sources */ = {isa = PBXBuildFile; fileRef = E3151CCA1C4CC6E3000C0DCC /* UIButton+Enhance.m */; };
		E3151CD51C4DE6D0000C0DCC /* CHCityListCell.m in Sources */ = {isa = PBXBuildFile; fileRef = E3151CD41C4DE6D0000C0DCC /* CHCityListCell.m */; };
		E3BCD9B91C4FB0BF00D42C5D /* btn_close@2x.png in Resources */ = {isa = PBXBuildFile; fileRef = E3BCD9B81C4FB0BF00D42C5D /* btn_close@2x.png */; };
		E3D5DB9F1C45FDED00B132F7 /* CHCityPickerController.m in Sources */ = {isa = PBXBuildFile; fileRef = E3D5DB9E1C45FDED00B132F7 /* CHCityPickerController.m */; };
		E3D5DBA31C461A3200B132F7 /* CHCityList.m in Sources */ = {isa = PBXBuildFile; fileRef = E3D5DBA21C461A3200B132F7 /* CHCityList.m */; };
		E3D5DBA61C461A7C00B132F7 /* CHCity.m in Sources */ = {isa = PBXBuildFile; fileRef = E3D5DBA51C461A7C00B132F7 /* CHCity.m */; };
/* End PBXBuildFile section */

/* Begin PBXFileReference section */
		1DC78EC89BBD4DE09BB7A91F /* Pods-CHCityPicker.release.xcconfig */ = {isa = PBXFileReference; includeInIndex = 1; lastKnownFileType = text.xcconfig; name = "Pods-CHCityPicker.release.xcconfig"; path = "Pods/Target Support Files/Pods-CHCityPicker/Pods-CHCityPicker.release.xcconfig"; sourceTree = "<group>"; };
		3FCF706A1A75ABC345C90FFD /* libPods-CHCityPicker.a */ = {isa = PBXFileReference; explicitFileType = archive.ar; includeInIndex = 0; path = "libPods-CHCityPicker.a"; sourceTree = BUILT_PRODUCTS_DIR; };
		90EFC5E06C405DDB4181B98E /* Pods-CHCityPicker.debug.xcconfig */ = {isa = PBXFileReference; includeInIndex = 1; lastKnownFileType = text.xcconfig; name = "Pods-CHCityPicker.debug.xcconfig"; path = "Pods/Target Support Files/Pods-CHCityPicker/Pods-CHCityPicker.debug.xcconfig"; sourceTree = "<group>"; };
		DD0E69C81C44DCF700813D76 /* CHCityListHeaderView.h */ = {isa = PBXFileReference; fileEncoding = 4; lastKnownFileType = sourcecode.c.h; name = CHCityListHeaderView.h; path = CHCityPicker/View/CHCityListHeaderView.h; sourceTree = SOURCE_ROOT; };
		DD0E69C91C44DCF700813D76 /* CHCityListHeaderView.m */ = {isa = PBXFileReference; fileEncoding = 4; lastKnownFileType = sourcecode.c.objc; name = CHCityListHeaderView.m; path = CHCityPicker/View/CHCityListHeaderView.m; sourceTree = SOURCE_ROOT; };
		DD75D3411C3E44F4001C3A58 /* CHCityPicker.app */ = {isa = PBXFileReference; explicitFileType = wrapper.application; includeInIndex = 0; path = CHCityPicker.app; sourceTree = BUILT_PRODUCTS_DIR; };
		DD75D3451C3E44F4001C3A58 /* main.m */ = {isa = PBXFileReference; lastKnownFileType = sourcecode.c.objc; path = main.m; sourceTree = "<group>"; };
		DD75D3471C3E44F4001C3A58 /* CHDelegate.h */ = {isa = PBXFileReference; lastKnownFileType = sourcecode.c.h; path = CHDelegate.h; sourceTree = "<group>"; };
		DD75D3481C3E44F4001C3A58 /* CHDelegate.m */ = {isa = PBXFileReference; lastKnownFileType = sourcecode.c.objc; path = CHDelegate.m; sourceTree = "<group>"; };
		DD75D3501C3E44F4001C3A58 /* Assets.xcassets */ = {isa = PBXFileReference; lastKnownFileType = folder.assetcatalog; path = Assets.xcassets; sourceTree = "<group>"; };
		DD75D3551C3E44F4001C3A58 /* Info.plist */ = {isa = PBXFileReference; lastKnownFileType = text.plist.xml; path = Info.plist; sourceTree = "<group>"; };
		DD75D35D1C3E45E6001C3A58 /* CHCityPicker-Prefix.pch */ = {isa = PBXFileReference; lastKnownFileType = sourcecode.c.h; path = "CHCityPicker-Prefix.pch"; sourceTree = "<group>"; };
		DD75D3671C3F504D001C3A58 /* cityList.json */ = {isa = PBXFileReference; fileEncoding = 4; lastKnownFileType = text.json; path = cityList.json; sourceTree = "<group>"; };
		DD75D36E1C3F5229001C3A58 /* CHHomeViewController.h */ = {isa = PBXFileReference; fileEncoding = 4; lastKnownFileType = sourcecode.c.h; path = CHHomeViewController.h; sourceTree = "<group>"; };
		DD75D36F1C3F5229001C3A58 /* CHHomeViewController.m */ = {isa = PBXFileReference; fileEncoding = 4; lastKnownFileType = sourcecode.c.objc; path = CHHomeViewController.m; sourceTree = "<group>"; };
		DD75D3761C3F6A8B001C3A58 /* NSString+Enhance.h */ = {isa = PBXFileReference; fileEncoding = 4; lastKnownFileType = sourcecode.c.h; path = "NSString+Enhance.h"; sourceTree = "<group>"; };
		DD75D3771C3F6A8B001C3A58 /* NSString+Enhance.m */ = {isa = PBXFileReference; fileEncoding = 4; lastKnownFileType = sourcecode.c.objc; path = "NSString+Enhance.m"; sourceTree = "<group>"; };
		DD9DF63A1C43A423001E670B /* CHCityButton.h */ = {isa = PBXFileReference; fileEncoding = 4; lastKnownFileType = sourcecode.c.h; name = CHCityButton.h; path = CHCityPicker/View/CHCityButton.h; sourceTree = SOURCE_ROOT; };
		DD9DF63B1C43A423001E670B /* CHCityButton.m */ = {isa = PBXFileReference; fileEncoding = 4; lastKnownFileType = sourcecode.c.objc; name = CHCityButton.m; path = CHCityPicker/View/CHCityButton.m; sourceTree = SOURCE_ROOT; };
		E3151CC31C478E4E000C0DCC /* CHCityNavigationView.h */ = {isa = PBXFileReference; fileEncoding = 4; lastKnownFileType = sourcecode.c.h; name = CHCityNavigationView.h; path = CHCityPicker/View/CHCityNavigationView.h; sourceTree = SOURCE_ROOT; };
		E3151CC41C478E4E000C0DCC /* CHCityNavigationView.m */ = {isa = PBXFileReference; fileEncoding = 4; lastKnownFileType = sourcecode.c.objc; name = CHCityNavigationView.m; path = CHCityPicker/View/CHCityNavigationView.m; sourceTree = SOURCE_ROOT; };
		E3151CC61C4889C2000C0DCC /* CHButton.h */ = {isa = PBXFileReference; fileEncoding = 4; lastKnownFileType = sourcecode.c.h; name = CHButton.h; path = CHCityPicker/View/CHButton.h; sourceTree = SOURCE_ROOT; };
		E3151CC71C4889C2000C0DCC /* CHButton.m */ = {isa = PBXFileReference; fileEncoding = 4; lastKnownFileType = sourcecode.c.objc; name = CHButton.m; path = CHCityPicker/View/CHButton.m; sourceTree = SOURCE_ROOT; };
		E3151CC91C4CC6E3000C0DCC /* UIButton+Enhance.h */ = {isa = PBXFileReference; fileEncoding = 4; lastKnownFileType = sourcecode.c.h; path = "UIButton+Enhance.h"; sourceTree = "<group>"; };
		E3151CCA1C4CC6E3000C0DCC /* UIButton+Enhance.m */ = {isa = PBXFileReference; fileEncoding = 4; lastKnownFileType = sourcecode.c.objc; path = "UIButton+Enhance.m"; sourceTree = "<group>"; };
		E3151CD31C4DE6D0000C0DCC /* CHCityListCell.h */ = {isa = PBXFileReference; fileEncoding = 4; lastKnownFileType = sourcecode.c.h; name = CHCityListCell.h; path = CHCityPicker/View/CHCityListCell.h; sourceTree = SOURCE_ROOT; };
		E3151CD41C4DE6D0000C0DCC /* CHCityListCell.m */ = {isa = PBXFileReference; fileEncoding = 4; lastKnownFileType = sourcecode.c.objc; name = CHCityListCell.m; path = CHCityPicker/View/CHCityListCell.m; sourceTree = SOURCE_ROOT; };
		E3BCD9B81C4FB0BF00D42C5D /* btn_close@2x.png */ = {isa = PBXFileReference; lastKnownFileType = image.png; path = "btn_close@2x.png"; sourceTree = "<group>"; };
		E3D5DB9D1C45FDED00B132F7 /* CHCityPickerController.h */ = {isa = PBXFileReference; fileEncoding = 4; lastKnownFileType = sourcecode.c.h; path = CHCityPickerController.h; sourceTree = "<group>"; };
		E3D5DB9E1C45FDED00B132F7 /* CHCityPickerController.m */ = {isa = PBXFileReference; fileEncoding = 4; lastKnownFileType = sourcecode.c.objc; path = CHCityPickerController.m; sourceTree = "<group>"; };
		E3D5DBA11C461A3200B132F7 /* CHCityList.h */ = {isa = PBXFileReference; fileEncoding = 4; lastKnownFileType = sourcecode.c.h; path = CHCityList.h; sourceTree = "<group>"; };
		E3D5DBA21C461A3200B132F7 /* CHCityList.m */ = {isa = PBXFileReference; fileEncoding = 4; lastKnownFileType = sourcecode.c.objc; path = CHCityList.m; sourceTree = "<group>"; };
		E3D5DBA41C461A7C00B132F7 /* CHCity.h */ = {isa = PBXFileReference; fileEncoding = 4; lastKnownFileType = sourcecode.c.h; path = CHCity.h; sourceTree = "<group>"; };
		E3D5DBA51C461A7C00B132F7 /* CHCity.m */ = {isa = PBXFileReference; fileEncoding = 4; lastKnownFileType = sourcecode.c.objc; path = CHCity.m; sourceTree = "<group>"; };
/* End PBXFileReference section */

/* Begin PBXFrameworksBuildPhase section */
		DD75D33E1C3E44F4001C3A58 /* Frameworks */ = {
			isa = PBXFrameworksBuildPhase;
			buildActionMask = 2147483647;
			files = (
				208F6AC0A8073B977536B2B3 /* libPods-CHCityPicker.a in Frameworks */,
			);
			runOnlyForDeploymentPostprocessing = 0;
		};
/* End PBXFrameworksBuildPhase section */

/* Begin PBXGroup section */
		04F533EDE73C0185D90CF2E3 /* Pods */ = {
			isa = PBXGroup;
			children = (
				90EFC5E06C405DDB4181B98E /* Pods-CHCityPicker.debug.xcconfig */,
				1DC78EC89BBD4DE09BB7A91F /* Pods-CHCityPicker.release.xcconfig */,
			);
			name = Pods;
			sourceTree = "<group>";
		};
		115129E8FA1125964FA81085 /* Frameworks */ = {
			isa = PBXGroup;
			children = (
				3FCF706A1A75ABC345C90FFD /* libPods-CHCityPicker.a */,
			);
			name = Frameworks;
			sourceTree = "<group>";
		};
		DD75D3381C3E44F4001C3A58 = {
			isa = PBXGroup;
			children = (
				DD75D3431C3E44F4001C3A58 /* CHCityPicker */,
				DD75D3421C3E44F4001C3A58 /* Products */,
				04F533EDE73C0185D90CF2E3 /* Pods */,
				115129E8FA1125964FA81085 /* Frameworks */,
			);
			sourceTree = "<group>";
		};
		DD75D3421C3E44F4001C3A58 /* Products */ = {
			isa = PBXGroup;
			children = (
				DD75D3411C3E44F4001C3A58 /* CHCityPicker.app */,
			);
			name = Products;
			sourceTree = "<group>";
		};
		DD75D3431C3E44F4001C3A58 /* CHCityPicker */ = {
			isa = PBXGroup;
			children = (
				E3D5DBA01C45FE2700B132F7 /* Model */,
				DD75D3751C3F69DB001C3A58 /* Category */,
				DD75D36B1C3F5183001C3A58 /* Controller */,
				DD75D36A1C3F5169001C3A58 /* View */,
				DD75D3641C3E6B2D001C3A58 /* images */,
				DD75D3471C3E44F4001C3A58 /* CHDelegate.h */,
				DD75D3481C3E44F4001C3A58 /* CHDelegate.m */,
				DD75D3501C3E44F4001C3A58 /* Assets.xcassets */,
				DD75D3551C3E44F4001C3A58 /* Info.plist */,
				DD75D3441C3E44F4001C3A58 /* Supporting Files */,
			);
			path = CHCityPicker;
			sourceTree = "<group>";
		};
		DD75D3441C3E44F4001C3A58 /* Supporting Files */ = {
			isa = PBXGroup;
			children = (
				DD75D3671C3F504D001C3A58 /* cityList.json */,
				DD75D3451C3E44F4001C3A58 /* main.m */,
				DD75D35D1C3E45E6001C3A58 /* CHCityPicker-Prefix.pch */,
			);
			name = "Supporting Files";
			sourceTree = "<group>";
		};
		DD75D3641C3E6B2D001C3A58 /* images */ = {
			isa = PBXGroup;
			children = (
				E3BCD9B81C4FB0BF00D42C5D /* btn_close@2x.png */,
			);
			path = images;
			sourceTree = "<group>";
		};
		DD75D36A1C3F5169001C3A58 /* View */ = {
			isa = PBXGroup;
			children = (
				E3151CD31C4DE6D0000C0DCC /* CHCityListCell.h */,
				E3151CD41C4DE6D0000C0DCC /* CHCityListCell.m */,
				DD9DF63A1C43A423001E670B /* CHCityButton.h */,
				DD9DF63B1C43A423001E670B /* CHCityButton.m */,
				DD0E69C81C44DCF700813D76 /* CHCityListHeaderView.h */,
				DD0E69C91C44DCF700813D76 /* CHCityListHeaderView.m */,
				E3151CC31C478E4E000C0DCC /* CHCityNavigationView.h */,
				E3151CC41C478E4E000C0DCC /* CHCityNavigationView.m */,
				E3151CC61C4889C2000C0DCC /* CHButton.h */,
				E3151CC71C4889C2000C0DCC /* CHButton.m */,
			);
			name = View;
			path = images/View;
			sourceTree = "<group>";
		};
		DD75D36B1C3F5183001C3A58 /* Controller */ = {
			isa = PBXGroup;
			children = (
				DD75D36E1C3F5229001C3A58 /* CHHomeViewController.h */,
				DD75D36F1C3F5229001C3A58 /* CHHomeViewController.m */,
				E3D5DB9D1C45FDED00B132F7 /* CHCityPickerController.h */,
				E3D5DB9E1C45FDED00B132F7 /* CHCityPickerController.m */,
			);
			path = Controller;
			sourceTree = "<group>";
		};
		DD75D3751C3F69DB001C3A58 /* Category */ = {
			isa = PBXGroup;
			children = (
				DD75D3761C3F6A8B001C3A58 /* NSString+Enhance.h */,
				DD75D3771C3F6A8B001C3A58 /* NSString+Enhance.m */,
				E3151CC91C4CC6E3000C0DCC /* UIButton+Enhance.h */,
				E3151CCA1C4CC6E3000C0DCC /* UIButton+Enhance.m */,
			);
			path = Category;
			sourceTree = "<group>";
		};
		E3D5DBA01C45FE2700B132F7 /* Model */ = {
			isa = PBXGroup;
			children = (
				E3D5DBA11C461A3200B132F7 /* CHCityList.h */,
				E3D5DBA21C461A3200B132F7 /* CHCityList.m */,
				E3D5DBA41C461A7C00B132F7 /* CHCity.h */,
				E3D5DBA51C461A7C00B132F7 /* CHCity.m */,
			);
			path = Model;
			sourceTree = "<group>";
		};
/* End PBXGroup section */

/* Begin PBXNativeTarget section */
		DD75D3401C3E44F4001C3A58 /* CHCityPicker */ = {
			isa = PBXNativeTarget;
			buildConfigurationList = DD75D3581C3E44F4001C3A58 /* Build configuration list for PBXNativeTarget "CHCityPicker" */;
			buildPhases = (
				8663238B3CC74DE87BA3AA48 /* Check Pods Manifest.lock */,
				DD75D33D1C3E44F4001C3A58 /* Sources */,
				DD75D33E1C3E44F4001C3A58 /* Frameworks */,
				DD75D33F1C3E44F4001C3A58 /* Resources */,
				89A84992CFD79C71EA6BBF8A /* Embed Pods Frameworks */,
				1129ABF47C329E374BA4954D /* Copy Pods Resources */,
			);
			buildRules = (
			);
			dependencies = (
			);
			name = CHCityPicker;
			productName = CHCityPicker;
			productReference = DD75D3411C3E44F4001C3A58 /* CHCityPicker.app */;
			productType = "com.apple.product-type.application";
		};
/* End PBXNativeTarget section */

/* Begin PBXProject section */
		DD75D3391C3E44F4001C3A58 /* Project object */ = {
			isa = PBXProject;
			attributes = {
				LastUpgradeCheck = 0720;
				ORGANIZATIONNAME = Personal;
				TargetAttributes = {
					DD75D3401C3E44F4001C3A58 = {
						CreatedOnToolsVersion = 7.2;
					};
				};
			};
			buildConfigurationList = DD75D33C1C3E44F4001C3A58 /* Build configuration list for PBXProject "CHCityPicker" */;
			compatibilityVersion = "Xcode 3.2";
			developmentRegion = English;
			hasScannedForEncodings = 0;
			knownRegions = (
				en,
				Base,
			);
			mainGroup = DD75D3381C3E44F4001C3A58;
			productRefGroup = DD75D3421C3E44F4001C3A58 /* Products */;
			projectDirPath = "";
			projectRoot = "";
			targets = (
				DD75D3401C3E44F4001C3A58 /* CHCityPicker */,
			);
		};
/* End PBXProject section */

/* Begin PBXResourcesBuildPhase section */
		DD75D33F1C3E44F4001C3A58 /* Resources */ = {
			isa = PBXResourcesBuildPhase;
			buildActionMask = 2147483647;
			files = (
				DD75D3511C3E44F4001C3A58 /* Assets.xcassets in Resources */,
				E3BCD9B91C4FB0BF00D42C5D /* btn_close@2x.png in Resources */,
				DD75D3681C3F504D001C3A58 /* cityList.json in Resources */,
			);
			runOnlyForDeploymentPostprocessing = 0;
		};
/* End PBXResourcesBuildPhase section */

/* Begin PBXShellScriptBuildPhase section */
		1129ABF47C329E374BA4954D /* Copy Pods Resources */ = {
			isa = PBXShellScriptBuildPhase;
			buildActionMask = 2147483647;
			files = (
			);
			inputPaths = (
			);
			name = "Copy Pods Resources";
			outputPaths = (
			);
			runOnlyForDeploymentPostprocessing = 0;
			shellPath = /bin/sh;
			shellScript = "\"${SRCROOT}/Pods/Target Support Files/Pods-CHCityPicker/Pods-CHCityPicker-resources.sh\"\n";
			showEnvVarsInLog = 0;
		};
		8663238B3CC74DE87BA3AA48 /* Check Pods Manifest.lock */ = {
			isa = PBXShellScriptBuildPhase;
			buildActionMask = 2147483647;
			files = (
			);
			inputPaths = (
			);
			name = "Check Pods Manifest.lock";
			outputPaths = (
			);
			runOnlyForDeploymentPostprocessing = 0;
			shellPath = /bin/sh;
			shellScript = "diff \"${PODS_ROOT}/../Podfile.lock\" \"${PODS_ROOT}/Manifest.lock\" > /dev/null\nif [[ $? != 0 ]] ; then\n    cat << EOM\nerror: The sandbox is not in sync with the Podfile.lock. Run 'pod install' or update your CocoaPods installation.\nEOM\n    exit 1\nfi\n";
			showEnvVarsInLog = 0;
		};
		89A84992CFD79C71EA6BBF8A /* Embed Pods Frameworks */ = {
			isa = PBXShellScriptBuildPhase;
			buildActionMask = 2147483647;
			files = (
			);
			inputPaths = (
			);
			name = "Embed Pods Frameworks";
			outputPaths = (
			);
			runOnlyForDeploymentPostprocessing = 0;
			shellPath = /bin/sh;
			shellScript = "\"${SRCROOT}/Pods/Target Support Files/Pods-CHCityPicker/Pods-CHCityPicker-frameworks.sh\"\n";
			showEnvVarsInLog = 0;
		};
/* End PBXShellScriptBuildPhase section */

/* Begin PBXSourcesBuildPhase section */
		DD75D33D1C3E44F4001C3A58 /* Sources */ = {
			isa = PBXSourcesBuildPhase;
			buildActionMask = 2147483647;
			files = (
				E3D5DBA61C461A7C00B132F7 /* CHCity.m in Sources */,
				E3151CC81C4889C2000C0DCC /* CHButton.m in Sources */,
				E3151CCB1C4CC6E3000C0DCC /* UIButton+Enhance.m in Sources */,
				DD75D3711C3F5229001C3A58 /* CHHomeViewController.m in Sources */,
				DD75D3781C3F6A8B001C3A58 /* NSString+Enhance.m in Sources */,
				DD75D3491C3E44F4001C3A58 /* CHDelegate.m in Sources */,
				E3D5DBA31C461A3200B132F7 /* CHCityList.m in Sources */,
				DD75D3461C3E44F4001C3A58 /* main.m in Sources */,
				DD9DF63C1C43A423001E670B /* CHCityButton.m in Sources */,
				E3D5DB9F1C45FDED00B132F7 /* CHCityPickerController.m in Sources */,
				DD0E69CA1C44DCF700813D76 /* CHCityListHeaderView.m in Sources */,
				E3151CC51C478E4E000C0DCC /* CHCityNavigationView.m in Sources */,
				E3151CD51C4DE6D0000C0DCC /* CHCityListCell.m in Sources */,
			);
			runOnlyForDeploymentPostprocessing = 0;
		};
/* End PBXSourcesBuildPhase section */

/* Begin XCBuildConfiguration section */
		DD75D3561C3E44F4001C3A58 /* Debug */ = {
			isa = XCBuildConfiguration;
			buildSettings = {
				ALWAYS_SEARCH_USER_PATHS = NO;
				CLANG_CXX_LANGUAGE_STANDARD = "gnu++0x";
				CLANG_CXX_LIBRARY = "libc++";
				CLANG_ENABLE_MODULES = YES;
				CLANG_ENABLE_OBJC_ARC = YES;
				CLANG_WARN_BOOL_CONVERSION = YES;
				CLANG_WARN_CONSTANT_CONVERSION = YES;
				CLANG_WARN_DIRECT_OBJC_ISA_USAGE = YES_ERROR;
				CLANG_WARN_EMPTY_BODY = YES;
				CLANG_WARN_ENUM_CONVERSION = YES;
				CLANG_WARN_INT_CONVERSION = YES;
				CLANG_WARN_OBJC_ROOT_CLASS = YES_ERROR;
				CLANG_WARN_UNREACHABLE_CODE = YES;
				CLANG_WARN__DUPLICATE_METHOD_MATCH = YES;
				"CODE_SIGN_IDENTITY[sdk=iphoneos*]" = "iPhone Developer";
				COPY_PHASE_STRIP = NO;
				DEBUG_INFORMATION_FORMAT = dwarf;
				ENABLE_STRICT_OBJC_MSGSEND = YES;
				ENABLE_TESTABILITY = YES;
				GCC_C_LANGUAGE_STANDARD = gnu99;
				GCC_DYNAMIC_NO_PIC = NO;
				GCC_NO_COMMON_BLOCKS = YES;
				GCC_OPTIMIZATION_LEVEL = 0;
				GCC_PREPROCESSOR_DEFINITIONS = (
					"DEBUG=1",
					"$(inherited)",
				);
				GCC_WARN_64_TO_32_BIT_CONVERSION = YES;
				GCC_WARN_ABOUT_RETURN_TYPE = YES_ERROR;
				GCC_WARN_UNDECLARED_SELECTOR = YES;
				GCC_WARN_UNINITIALIZED_AUTOS = YES_AGGRESSIVE;
				GCC_WARN_UNUSED_FUNCTION = YES;
				GCC_WARN_UNUSED_VARIABLE = YES;
				IPHONEOS_DEPLOYMENT_TARGET = 9.2;
				MTL_ENABLE_DEBUG_INFO = YES;
				ONLY_ACTIVE_ARCH = YES;
				SDKROOT = iphoneos;
			};
			name = Debug;
		};
		DD75D3571C3E44F4001C3A58 /* Release */ = {
			isa = XCBuildConfiguration;
			buildSettings = {
				ALWAYS_SEARCH_USER_PATHS = NO;
				CLANG_CXX_LANGUAGE_STANDARD = "gnu++0x";
				CLANG_CXX_LIBRARY = "libc++";
				CLANG_ENABLE_MODULES = YES;
				CLANG_ENABLE_OBJC_ARC = YES;
				CLANG_WARN_BOOL_CONVERSION = YES;
				CLANG_WARN_CONSTANT_CONVERSION = YES;
				CLANG_WARN_DIRECT_OBJC_ISA_USAGE = YES_ERROR;
				CLANG_WARN_EMPTY_BODY = YES;
				CLANG_WARN_ENUM_CONVERSION = YES;
				CLANG_WARN_INT_CONVERSION = YES;
				CLANG_WARN_OBJC_ROOT_CLASS = YES_ERROR;
				CLANG_WARN_UNREACHABLE_CODE = YES;
				CLANG_WARN__DUPLICATE_METHOD_MATCH = YES;
				"CODE_SIGN_IDENTITY[sdk=iphoneos*]" = "iPhone Developer";
				COPY_PHASE_STRIP = NO;
				DEBUG_INFORMATION_FORMAT = "dwarf-with-dsym";
				ENABLE_NS_ASSERTIONS = NO;
				ENABLE_STRICT_OBJC_MSGSEND = YES;
				GCC_C_LANGUAGE_STANDARD = gnu99;
				GCC_NO_COMMON_BLOCKS = YES;
				GCC_WARN_64_TO_32_BIT_CONVERSION = YES;
				GCC_WARN_ABOUT_RETURN_TYPE = YES_ERROR;
				GCC_WARN_UNDECLARED_SELECTOR = YES;
				GCC_WARN_UNINITIALIZED_AUTOS = YES_AGGRESSIVE;
				GCC_WARN_UNUSED_FUNCTION = YES;
				GCC_WARN_UNUSED_VARIABLE = YES;
				IPHONEOS_DEPLOYMENT_TARGET = 9.2;
				MTL_ENABLE_DEBUG_INFO = NO;
				SDKROOT = iphoneos;
				VALIDATE_PRODUCT = YES;
			};
			name = Release;
		};
		DD75D3591C3E44F4001C3A58 /* Debug */ = {
			isa = XCBuildConfiguration;
			baseConfigurationReference = 90EFC5E06C405DDB4181B98E /* Pods-CHCityPicker.debug.xcconfig */;
			buildSettings = {
				ASSETCATALOG_COMPILER_APPICON_NAME = AppIcon;
				CODE_SIGN_IDENTITY = "iPhone Developer";
				"CODE_SIGN_IDENTITY[sdk=iphoneos*]" = "iPhone Developer";
				GCC_PREFIX_HEADER = "CHCityPicker/CHCityPicker-Prefix.pch";
				INFOPLIST_FILE = CHCityPicker/Info.plist;
				IPHONEOS_DEPLOYMENT_TARGET = 8.0;
				LD_RUNPATH_SEARCH_PATHS = "$(inherited) @executable_path/Frameworks";
				PRODUCT_BUNDLE_IDENTIFIER = tk.arnold.CHCityPicker;
				PRODUCT_NAME = "$(TARGET_NAME)";
				PROVISIONING_PROFILE = "";
			};
			name = Debug;
		};
		DD75D35A1C3E44F4001C3A58 /* Release */ = {
			isa = XCBuildConfiguration;
			baseConfigurationReference = 1DC78EC89BBD4DE09BB7A91F /* Pods-CHCityPicker.release.xcconfig */;
			buildSettings = {
				ASSETCATALOG_COMPILER_APPICON_NAME = AppIcon;
				CODE_SIGN_IDENTITY = "iPhone Developer";
				"CODE_SIGN_IDENTITY[sdk=iphoneos*]" = "iPhone Developer";
				GCC_PREFIX_HEADER = "CHCityPicker/CHCityPicker-Prefix.pch";
				INFOPLIST_FILE = CHCityPicker/Info.plist;
				IPHONEOS_DEPLOYMENT_TARGET = 8.0;
				LD_RUNPATH_SEARCH_PATHS = "$(inherited) @executable_path/Frameworks";
				PRODUCT_BUNDLE_IDENTIFIER = tk.arnold.CHCityPicker;
				PRODUCT_NAME = "$(TARGET_NAME)";
				PROVISIONING_PROFILE = "";
			};
			name = Release;
		};
/* End XCBuildConfiguration section */

/* Begin XCConfigurationList section */
		DD75D33C1C3E44F4001C3A58 /* Build configuration list for PBXProject "CHCityPicker" */ = {
			isa = XCConfigurationList;
			buildConfigurations = (
				DD75D3561C3E44F4001C3A58 /* Debug */,
				DD75D3571C3E44F4001C3A58 /* Release */,
			);
			defaultConfigurationIsVisible = 0;
			defaultConfigurationName = Release;
		};
		DD75D3581C3E44F4001C3A58 /* Build configuration list for PBXNativeTarget "CHCityPicker" */ = {
			isa = XCConfigurationList;
			buildConfigurations = (
				DD75D3591C3E44F4001C3A58 /* Debug */,
				DD75D35A1C3E44F4001C3A58 /* Release */,
			);
			defaultConfigurationIsVisible = 0;
			defaultConfigurationName = Release;
		};
/* End XCConfigurationList section */
	};
	rootObject = DD75D3391C3E44F4001C3A58 /* Project object */;
}
